version: 2.0
shards:
  ameba:
    git: https://github.com/crystal-ameba/ameba.git
    version: 1.6.4

  callback:
    git: https://github.com/amberframework/callback.git
    version: 0.9.2

  cli:
    git: https://github.com/amberframework/cli.git
    version: 0.11.4

  db:
    git: https://github.com/crystal-lang/crystal-db.git
    version: 0.13.1

  optarg:
    git: https://github.com/amberframework/optarg.git
    version: 0.9.5

  sqlite3:
    git: https://github.com/crystal-lang/crystal-sqlite3.git
    version: 0.21.0

  tablo:
    git: https://github.com/hutou/tablo.git
    version: 0.10.1

  timecop:
    git: https://github.com/crystal-community/timecop.cr.git
    version: 0.5.0

